
Microsoft Visual Studio Solution File, Format Version 12.00
# Visual Studio Version 17
VisualStudioVersion = 17.12.35527.113 d17.12
MinimumVisualStudioVersion = 10.0.40219.1
Project("{FAE04EC0-301F-11D3-BF4B-00C04F79EFBC}") = "mastermind", "mastermind\mastermind.csproj", "{D483D620-4C07-4DA5-B2B1-14D281D0A23B}"
EndProject
Global
	GlobalSection(SolutionConfigurationPlatforms) = preSolution
		Debug|Any CPU = Debug|Any CPU
		Release|Any CPU = Release|Any CPU
	EndGlobalSection
	GlobalSection(ProjectConfigurationPlatforms) = postSolution
		{D483D620-4C07-4DA5-B2B1-14D281D0A23B}.Debug|Any CPU.ActiveCfg = Debug|Any CPU
		{D483D620-4C07-4DA5-B2B1-14D281D0A23B}.Debug|Any CPU.Build.0 = Debug|Any CPU
		{D483D620-4C07-4DA5-B2B1-14D281D0A23B}.Release|Any CPU.ActiveCfg = Release|Any CPU
		{D483D620-4C07-4DA5-B2B1-14D281D0A23B}.Release|Any CPU.Build.0 = Release|Any CPU
	EndGlobalSection
	GlobalSection(SolutionProperties) = preSolution
		HideSolutionNode = FALSE
	EndGlobalSection
EndGlobal
